
Microsoft Visual Studio Solution File, Format Version 12.00
# Visual Studio Version 17
VisualStudioVersion = 17.6.33723.286
MinimumVisualStudioVersion = 10.0.40219.1
Project("{FAE04EC0-301F-11D3-BF4B-00C04F79EFBC}") = "eTickets", "eTickets\eTickets.csproj", "{CDBB8D63-597C-4A94-875E-9D10BDB10585}"
EndProject
Global
	GlobalSection(SolutionConfigurationPlatforms) = preSolution
		Debug|Any CPU = Debug|Any CPU
		Release|Any CPU = Release|Any CPU
	EndGlobalSection
	GlobalSection(ProjectConfigurationPlatforms) = postSolution
		{CDBB8D63-597C-4A94-875E-9D10BDB10585}.Debug|Any CPU.ActiveCfg = Debug|Any CPU
		{CDBB8D63-597C-4A94-875E-9D10BDB10585}.Debug|Any CPU.Build.0 = Debug|Any CPU
		{CDBB8D63-597C-4A94-875E-9D10BDB10585}.Release|Any CPU.ActiveCfg = Release|Any CPU
		{CDBB8D63-597C-4A94-875E-9D10BDB10585}.Release|Any CPU.Build.0 = Release|Any CPU
	EndGlobalSection
	GlobalSection(SolutionProperties) = preSolution
		HideSolutionNode = FALSE
	EndGlobalSection
	GlobalSection(ExtensibilityGlobals) = postSolution
		SolutionGuid = {D2813413-52B2-4163-A6BC-49868ED3E092}
	EndGlobalSection
EndGlobal
